<?xml version="1.0" encoding="utf-8"?>
<Project ToolsVersion="4.0" xmlns="http://schemas.microsoft.com/developer/msbuild/2003">
  <ItemGroup>
    <ClCompile Include="Program.cpp" />
    <ClCompile Include="Systems\Time.cpp">
      <Filter>Systems</Filter>
    </ClCompile>
    <ClCompile Include="Systems\Window.cpp">
      <Filter>Systems</Filter>
    </ClCompile>
    <ClCompile Include="Systems\D3D.cpp">
      <Filter>Systems</Filter>
    </ClCompile>
    <ClCompile Include="Systems\Keyboard.cpp">
      <Filter>Systems</Filter>
    </ClCompile>
    <ClCompile Include="Systems\Mouse.cpp">
      <Filter>Systems</Filter>
    </ClCompile>
    <ClCompile Include="Renders\Shader.cpp">
      <Filter>Renders</Filter>
    </ClCompile>
    <ClCompile Include="Utilities\String.cpp">
      <Filter>Utilities</Filter>
    </ClCompile>
    <ClCompile Include="Utilities\Xml.cpp">
      <Filter>Utilities</Filter>
    </ClCompile>
    <ClCompile Include="Utilities\BinaryFile.cpp">
      <Filter>Utilities</Filter>
    </ClCompile>
    <ClCompile Include="Utilities\Json.cpp">
      <Filter>Utilities</Filter>
    </ClCompile>
    <ClCompile Include="Utilities\Math.cpp">
      <Filter>Utilities</Filter>
    </ClCompile>
    <ClCompile Include="Utilities\Path.cpp">
      <Filter>Utilities</Filter>
    </ClCompile>
    <ClCompile Include="Viewer\Viewport.cpp">
      <Filter>Viewer</Filter>
    </ClCompile>
    <ClCompile Include="Viewer\Perspective.cpp">
      <Filter>Viewer</Filter>
    </ClCompile>
    <ClCompile Include="Main.cpp" />
    <ClCompile Include="Viewer\Camera.cpp">
      <Filter>Viewer</Filter>
    </ClCompile>
    <ClCompile Include="Viewer\Freedom.cpp">
      <Filter>Viewer</Filter>
    </ClCompile>
    <ClCompile Include="Renders\Texture.cpp">
      <Filter>Renders</Filter>
    </ClCompile>
    <ClCompile Include="Renders\Material.cpp">
      <Filter>Renders</Filter>
    </ClCompile>
    <ClCompile Include="Fbx\Exporter.cpp">
      <Filter>Fbx</Filter>
    </ClCompile>
    <ClCompile Include="Executes\ExeportModel.cpp">
      <Filter>Executes</Filter>
    </ClCompile>
    <ClCompile Include="Fbx\Utility.cpp">
      <Filter>Fbx</Filter>
    </ClCompile>
    <ClCompile Include="Model\Model.cpp">
      <Filter>Model</Filter>
    </ClCompile>
    <ClCompile Include="Model\ModelBone.cpp">
      <Filter>Model</Filter>
    </ClCompile>
    <ClCompile Include="Model\ModelMeshPart.cpp">
      <Filter>Model</Filter>
    </ClCompile>
    <ClCompile Include="Model\ModelMesh.cpp">
      <Filter>Model</Filter>
    </ClCompile>
    <ClCompile Include="Model\ModelReader.cpp">
      <Filter>Model</Filter>
    </ClCompile>
    <ClCompile Include="Objects\GameRender.cpp">
      <Filter>Objects</Filter>
    </ClCompile>
    <ClCompile Include="LandScape\Terrain.cpp">
      <Filter>LandScape</Filter>
    </ClCompile>
    <ClCompile Include="Physics\Bullet.cpp">
      <Filter>Physics</Filter>
    </ClCompile>
    <ClCompile Include="Viewer\Orbit.cpp">
      <Filter>Viewer</Filter>
    </ClCompile>
    <ClCompile Include="LandScape\Sky.cpp">
      <Filter>LandScape</Filter>
    </ClCompile>
    <ClCompile Include="Renders\RasterizerState.cpp">
      <Filter>Renders</Filter>
    </ClCompile>
    <ClCompile Include="Renders\SamplerState.cpp">
      <Filter>Renders</Filter>
    </ClCompile>
    <ClCompile Include="Renders\DepthStencilState.cpp">
      <Filter>Renders</Filter>
    </ClCompile>
    <ClCompile Include="DebugDraw\DebugSphere.cpp">
      <Filter>DebugDraw</Filter>
    </ClCompile>
    <ClCompile Include="DebugDraw\DebugCube.cpp">
      <Filter>DebugDraw</Filter>
    </ClCompile>
    <ClCompile Include="DebugDraw\DebugObj.cpp">
      <Filter>DebugDraw</Filter>
    </ClCompile>
    <ClCompile Include="DebugDraw\DebugCone.cpp">
      <Filter>DebugDraw</Filter>
    </ClCompile>
    <ClCompile Include="Light\AreaLight.cpp">
      <Filter>Light</Filter>
    </ClCompile>
    <ClCompile Include="DebugDraw\DebugRect.cpp">
      <Filter>DebugDraw</Filter>
    </ClCompile>
    <ClCompile Include="Light\PointLight.cpp">
      <Filter>Light</Filter>
    </ClCompile>
    <ClCompile Include="Light\SpotLight.cpp">
      <Filter>Light</Filter>
    </ClCompile>
    <ClCompile Include="Executes\TestFrustum.cpp">
      <Filter>Executes</Filter>
    </ClCompile>
    <ClCompile Include="Viewer\Fixity.cpp">
      <Filter>Viewer</Filter>
    </ClCompile>
    <ClCompile Include="Viewer\Frsutum.cpp">
      <Filter>Viewer</Filter>
    </ClCompile>
    <ClCompile Include="Physics\MultiPicking.cpp">
      <Filter>Physics</Filter>
    </ClCompile>
    <ClCompile Include="LandScape\QuardTree.cpp">
      <Filter>LandScape</Filter>
    </ClCompile>
    <ClCompile Include="Renders\RenderTarget.cpp">
      <Filter>Renders</Filter>
    </ClCompile>
    <ClCompile Include="Renders\Render2D.cpp">
      <Filter>Renders</Filter>
    </ClCompile>
    <ClCompile Include="PostEffects\Grayscale.cpp">
      <Filter>PostEffects</Filter>
    </ClCompile>
    <ClCompile Include="PostEffects\Blur.cpp">
      <Filter>PostEffects</Filter>
    </ClCompile>
    <ClCompile Include="PostEffects\Mosaic.cpp">
      <Filter>PostEffects</Filter>
    </ClCompile>
    <ClCompile Include="PostEffects\Gamma.cpp">
      <Filter>PostEffects</Filter>
    </ClCompile>
    <ClCompile Include="PostEffects\BitPlannerSlicing.cpp">
      <Filter>PostEffects</Filter>
    </ClCompile>
    <ClCompile Include="PostEffects\Embossing.cpp">
      <Filter>PostEffects</Filter>
    </ClCompile>
    <ClCompile Include="PostEffects\Sharpening.cpp">
      <Filter>PostEffects</Filter>
    </ClCompile>
    <ClCompile Include="PostEffects\GausianBlur.cpp">
      <Filter>PostEffects</Filter>
    </ClCompile>
    <ClCompile Include="Physics\MakeAnimation.cpp">
      <Filter>Physics</Filter>
    </ClCompile>
    <ClCompile Include="Model\ModelKeyFrame.cpp">
      <Filter>Model</Filter>
    </ClCompile>
    <ClCompile Include="Model\ModelClip.cpp">
      <Filter>Model</Filter>
    </ClCompile>
    <ClCompile Include="Objects\Billboard.cpp">
      <Filter>Objects\Meshes</Filter>
    </ClCompile>
    <ClCompile Include="Objects\MeshCube.cpp">
      <Filter>Objects\Meshes</Filter>
    </ClCompile>
    <ClCompile Include="Objects\MeshPlane.cpp">
      <Filter>Objects\Meshes</Filter>
    </ClCompile>
    <ClCompile Include="Objects\MeshSphere.cpp">
      <Filter>Objects\Meshes</Filter>
    </ClCompile>
    <ClCompile Include="Objects\GameAnimModel.cpp">
      <Filter>Objects\Models</Filter>
    </ClCompile>
    <ClCompile Include="Model\ModelTweener.cpp">
      <Filter>Model</Filter>
    </ClCompile>
    <ClCompile Include="Objects\GameModel.cpp">
      <Filter>Objects\Models</Filter>
    </ClCompile>
    <ClCompile Include="Tool\GameTool.cpp">
      <Filter>Tool</Filter>
    </ClCompile>
    <ClCompile Include="Tool\CharactorTool.cpp">
      <Filter>Tool</Filter>
    </ClCompile>
    <ClCompile Include="Physics\Collider.cpp">
      <Filter>Physics\Collider</Filter>
    </ClCompile>
    <ClCompile Include="Physics\ColliderBox.cpp">
      <Filter>Physics\Collider</Filter>
    </ClCompile>
    <ClCompile Include="Physics\ColliderCapsule.cpp">
      <Filter>Physics\Collider</Filter>
    </ClCompile>
    <ClCompile Include="Tool\ToolManager.cpp">
      <Filter>Tool</Filter>
    </ClCompile>
    <ClCompile Include="Manager\CollisionManager.cpp">
      <Filter>Manager</Filter>
    </ClCompile>
    <ClCompile Include="Systems\DirectWrite.cpp">
      <Filter>Systems</Filter>
    </ClCompile>
    <ClCompile Include="Objects\BoneSphere.cpp">
      <Filter>Objects\Models</Filter>
    </ClCompile>
    <ClCompile Include="LandScape\TerrainRender.cpp">
      <Filter>LandScape</Filter>
    </ClCompile>
    <ClCompile Include="LandScape\Water.cpp">
      <Filter>LandScape</Filter>
    </ClCompile>
    <ClCompile Include="Renders\BlendState.cpp">
      <Filter>Renders</Filter>
    </ClCompile>
    <ClCompile Include="Tool\MapTool.cpp">
      <Filter>Tool</Filter>
    </ClCompile>
    <ClCompile Include="Tool\CameraTool.cpp">
      <Filter>Tool</Filter>
    </ClCompile>
    <ClCompile Include="Objects\MeshQuad.cpp">
      <Filter>Objects\Meshes</Filter>
    </ClCompile>
    <ClCompile Include="Executes\TestAlphaBlend.cpp">
      <Filter>Executes</Filter>
    </ClCompile>
    <ClCompile Include="Executes\TestMultiTextures.cpp">
      <Filter>Executes</Filter>
    </ClCompile>
    <ClCompile Include="Executes\TestProjection.cpp">
      <Filter>Executes</Filter>
    </ClCompile>
    <ClCompile Include="Light\Projection.cpp">
      <Filter>Light</Filter>
    </ClCompile>
    <ClCompile Include="Executes\TestShadow.cpp">
      <Filter>Executes</Filter>
    </ClCompile>
    <ClCompile Include="Light\Shadow.cpp">
      <Filter>Light</Filter>
    </ClCompile>
    <ClCompile Include="Manager\LightManager.cpp">
      <Filter>Manager</Filter>
    </ClCompile>
    <ClCompile Include="Objects\Player.cpp">
      <Filter>Objects\Models</Filter>
    </ClCompile>
    <ClCompile Include="Executes\TestSky.cpp">
      <Filter>Executes</Filter>
    </ClCompile>
    <ClCompile Include="Manager\CameraManager.cpp">
      <Filter>Manager</Filter>
    </ClCompile>
    <ClCompile Include="Objects\WeaponModel.cpp">
      <Filter>Objects\Models</Filter>
    </ClCompile>
    <ClCompile Include="Physics\Trail.cpp">
      <Filter>Physics</Filter>
    </ClCompile>
    <ClCompile Include="Viewer\TPSCamera.cpp">
      <Filter>Viewer\FollowCam</Filter>
    </ClCompile>
    <ClCompile Include="Viewer\Follow.cpp">
      <Filter>Viewer\FollowCam</Filter>
    </ClCompile>
    <ClCompile Include="Objects\GSBillboard.cpp">
      <Filter>Objects\Meshes</Filter>
    </ClCompile>
  </ItemGroup>
  <ItemGroup>
    <ClInclude Include="stdafx.h" />
    <ClInclude Include="Systems\Mouse.h">
      <Filter>Systems</Filter>
    </ClInclude>
    <ClInclude Include="Systems\Time.h">
      <Filter>Systems</Filter>
    </ClInclude>
    <ClInclude Include="Systems\Window.h">
      <Filter>Systems</Filter>
    </ClInclude>
    <ClInclude Include="Systems\D3D.h">
      <Filter>Systems</Filter>
    </ClInclude>
    <ClInclude Include="Systems\Keyboard.h">
      <Filter>Systems</Filter>
    </ClInclude>
    <ClInclude Include="Renders\ShaderBuffer.h">
      <Filter>Renders</Filter>
    </ClInclude>
    <ClInclude Include="Renders\VertexLayouts.h">
      <Filter>Renders</Filter>
    </ClInclude>
    <ClInclude Include="Renders\GlobalBuffers.h">
      <Filter>Renders</Filter>
    </ClInclude>
    <ClInclude Include="Renders\Shader.h">
      <Filter>Renders</Filter>
    </ClInclude>
    <ClInclude Include="Utilities\Path.h">
      <Filter>Utilities</Filter>
    </ClInclude>
    <ClInclude Include="Utilities\String.h">
      <Filter>Utilities</Filter>
    </ClInclude>
    <ClInclude Include="Utilities\Xml.h">
      <Filter>Utilities</Filter>
    </ClInclude>
    <ClInclude Include="Utilities\BinaryFile.h">
      <Filter>Utilities</Filter>
    </ClInclude>
    <ClInclude Include="Utilities\Json.h">
      <Filter>Utilities</Filter>
    </ClInclude>
    <ClInclude Include="Utilities\Math.h">
      <Filter>Utilities</Filter>
    </ClInclude>
    <ClInclude Include="Executes\Execute.h">
      <Filter>Executes</Filter>
    </ClInclude>
    <ClInclude Include="Viewer\Viewport.h">
      <Filter>Viewer</Filter>
    </ClInclude>
    <ClInclude Include="Viewer\Perspective.h">
      <Filter>Viewer</Filter>
    </ClInclude>
    <ClInclude Include="Viewer\Camera.h">
      <Filter>Viewer</Filter>
    </ClInclude>
    <ClInclude Include="Viewer\Freedom.h">
      <Filter>Viewer</Filter>
    </ClInclude>
    <ClInclude Include="Renders\Texture.h">
      <Filter>Renders</Filter>
    </ClInclude>
    <ClInclude Include="Renders\Material.h">
      <Filter>Renders</Filter>
    </ClInclude>
    <ClInclude Include="Interfaces\ICloneable.h">
      <Filter>Interfaces</Filter>
    </ClInclude>
    <ClInclude Include="Fbx\Exporter.h">
      <Filter>Fbx</Filter>
    </ClInclude>
    <ClInclude Include="Executes\ExeportModel.h">
      <Filter>Executes</Filter>
    </ClInclude>
    <ClInclude Include="Fbx\Type.h">
      <Filter>Fbx</Filter>
    </ClInclude>
    <ClInclude Include="Fbx\Utility.h">
      <Filter>Fbx</Filter>
    </ClInclude>
    <ClInclude Include="Model\Model.h">
      <Filter>Model</Filter>
    </ClInclude>
    <ClInclude Include="Model\ModelBone.h">
      <Filter>Model</Filter>
    </ClInclude>
    <ClInclude Include="Model\ModelMeshPart.h">
      <Filter>Model</Filter>
    </ClInclude>
    <ClInclude Include="Model\ModelMesh.h">
      <Filter>Model</Filter>
    </ClInclude>
    <ClInclude Include="Objects\GameRender.h">
      <Filter>Objects</Filter>
    </ClInclude>
    <ClInclude Include="LandScape\Terrain.h">
      <Filter>LandScape</Filter>
    </ClInclude>
    <ClInclude Include="Physics\LineMaker.h">
      <Filter>Physics</Filter>
    </ClInclude>
    <ClInclude Include="Physics\Collision.h">
      <Filter>Physics</Filter>
    </ClInclude>
    <ClInclude Include="Physics\Bullet.h">
      <Filter>Physics</Filter>
    </ClInclude>
    <ClInclude Include="Viewer\Orbit.h">
      <Filter>Viewer</Filter>
    </ClInclude>
    <ClInclude Include="LandScape\Sky.h">
      <Filter>LandScape</Filter>
    </ClInclude>
    <ClInclude Include="Renders\RasterizerState.h">
      <Filter>Renders</Filter>
    </ClInclude>
    <ClInclude Include="Renders\SamplerState.h">
      <Filter>Renders</Filter>
    </ClInclude>
    <ClInclude Include="Renders\DepthStencilState.h">
      <Filter>Renders</Filter>
    </ClInclude>
    <ClInclude Include="Program.h" />
    <ClInclude Include="DebugDraw\DebugSphere.h">
      <Filter>DebugDraw</Filter>
    </ClInclude>
    <ClInclude Include="DebugDraw\DebugCube.h">
      <Filter>DebugDraw</Filter>
    </ClInclude>
    <ClInclude Include="DebugDraw\DebugObj.h">
      <Filter>DebugDraw</Filter>
    </ClInclude>
    <ClInclude Include="DebugDraw\DebugCone.h">
      <Filter>DebugDraw</Filter>
    </ClInclude>
    <ClInclude Include="Light\AreaLight.h">
      <Filter>Light</Filter>
    </ClInclude>
    <ClInclude Include="DebugDraw\DebugRect.h">
      <Filter>DebugDraw</Filter>
    </ClInclude>
    <ClInclude Include="Light\SpotLight.h">
      <Filter>Light</Filter>
    </ClInclude>
    <ClInclude Include="Light\PointLight.h">
      <Filter>Light</Filter>
    </ClInclude>
    <ClInclude Include="Executes\TestFrustum.h">
      <Filter>Executes</Filter>
    </ClInclude>
    <ClInclude Include="Viewer\Fixity.h">
      <Filter>Viewer</Filter>
    </ClInclude>
    <ClInclude Include="Viewer\Frustum.h">
      <Filter>Viewer</Filter>
    </ClInclude>
    <ClInclude Include="Physics\MultiPicking.h">
      <Filter>Physics</Filter>
    </ClInclude>
    <ClInclude Include="LandScape\QuardTree.h">
      <Filter>LandScape</Filter>
    </ClInclude>
    <ClInclude Include="Renders\RenderTarget.h">
      <Filter>Renders</Filter>
    </ClInclude>
    <ClInclude Include="Renders\Render2D.h">
      <Filter>Renders</Filter>
    </ClInclude>
    <ClInclude Include="PostEffects\Grayscale.h">
      <Filter>PostEffects</Filter>
    </ClInclude>
    <ClInclude Include="PostEffects\Blur.h">
      <Filter>PostEffects</Filter>
    </ClInclude>
    <ClInclude Include="PostEffects\Mosaic.h">
      <Filter>PostEffects</Filter>
    </ClInclude>
    <ClInclude Include="PostEffects\Gamma.h">
      <Filter>PostEffects</Filter>
    </ClInclude>
    <ClInclude Include="PostEffects\BitPlannerSlicing.h">
      <Filter>PostEffects</Filter>
    </ClInclude>
    <ClInclude Include="PostEffects\Embossing.h">
      <Filter>PostEffects</Filter>
    </ClInclude>
    <ClInclude Include="PostEffects\Sharpening.h">
      <Filter>PostEffects</Filter>
    </ClInclude>
    <ClInclude Include="PostEffects\GausianBlur.h">
      <Filter>PostEffects</Filter>
    </ClInclude>
    <ClInclude Include="Physics\MakeAnimation.h">
      <Filter>Physics</Filter>
    </ClInclude>
    <ClInclude Include="Model\ModelKeyFrame.h">
      <Filter>Model</Filter>
    </ClInclude>
    <ClInclude Include="Model\ModelClip.h">
      <Filter>Model</Filter>
    </ClInclude>
    <ClInclude Include="Objects\Billboard.h">
      <Filter>Objects\Meshes</Filter>
    </ClInclude>
    <ClInclude Include="Objects\MeshCube.h">
      <Filter>Objects\Meshes</Filter>
    </ClInclude>
    <ClInclude Include="Objects\MeshPlane.h">
      <Filter>Objects\Meshes</Filter>
    </ClInclude>
    <ClInclude Include="Objects\MeshSphere.h">
      <Filter>Objects\Meshes</Filter>
    </ClInclude>
    <ClInclude Include="Objects\GameAnimModel.h">
      <Filter>Objects\Models</Filter>
    </ClInclude>
    <ClInclude Include="Model\ModelTweener.h">
      <Filter>Model</Filter>
    </ClInclude>
    <ClInclude Include="Objects\GameModel.h">
      <Filter>Objects\Models</Filter>
    </ClInclude>
    <ClInclude Include="Tool\GameTool.h">
      <Filter>Tool</Filter>
    </ClInclude>
    <ClInclude Include="Tool\CharactorTool.h">
      <Filter>Tool</Filter>
    </ClInclude>
    <ClInclude Include="Physics\Collider.h">
      <Filter>Physics\Collider</Filter>
    </ClInclude>
    <ClInclude Include="Physics\ColliderBox.h">
      <Filter>Physics\Collider</Filter>
    </ClInclude>
    <ClInclude Include="Physics\ColliderCapsule.h">
      <Filter>Physics\Collider</Filter>
    </ClInclude>
    <ClInclude Include="Tool\ToolManager.h">
      <Filter>Tool</Filter>
    </ClInclude>
    <ClInclude Include="Interfaces\ICollision.h">
      <Filter>Interfaces</Filter>
    </ClInclude>
    <ClInclude Include="Manager\CollisionManager.h">
      <Filter>Manager</Filter>
    </ClInclude>
    <ClInclude Include="Systems\DirectWrite.h">
      <Filter>Systems</Filter>
    </ClInclude>
    <ClInclude Include="Objects\BoneSphere.h">
      <Filter>Objects\Models</Filter>
    </ClInclude>
    <ClInclude Include="LandScape\TerrainRender.h">
      <Filter>LandScape</Filter>
    </ClInclude>
    <ClInclude Include="LandScape\Water.h">
      <Filter>LandScape</Filter>
    </ClInclude>
    <ClInclude Include="Renders\BlendState.h">
      <Filter>Renders</Filter>
    </ClInclude>
    <ClInclude Include="Tool\MapTool.h">
      <Filter>Tool</Filter>
    </ClInclude>
    <ClInclude Include="Tool\CameraTool.h">
      <Filter>Tool</Filter>
    </ClInclude>
    <ClInclude Include="Objects\MeshQuad.h">
      <Filter>Objects\Meshes</Filter>
    </ClInclude>
    <ClInclude Include="Executes\TestAlphaBlend.h">
      <Filter>Executes</Filter>
    </ClInclude>
    <ClInclude Include="Executes\TestMultiTextures.h">
      <Filter>Executes</Filter>
    </ClInclude>
    <ClInclude Include="Executes\TestProjection.h">
      <Filter>Executes</Filter>
    </ClInclude>
    <ClInclude Include="Light\Projection.h">
      <Filter>Light</Filter>
    </ClInclude>
    <ClInclude Include="Executes\TestShadow.h">
      <Filter>Executes</Filter>
    </ClInclude>
    <ClInclude Include="Light\Shadow.h">
      <Filter>Light</Filter>
    </ClInclude>
    <ClInclude Include="Manager\LightManager.h">
      <Filter>Manager</Filter>
    </ClInclude>
    <ClInclude Include="Objects\Player.h">
      <Filter>Objects\Models</Filter>
    </ClInclude>
    <ClInclude Include="Executes\TestSky.h">
      <Filter>Executes</Filter>
    </ClInclude>
    <ClInclude Include="Manager\CameraManager.h">
      <Filter>Manager</Filter>
    </ClInclude>
    <ClInclude Include="Objects\WeaponModel.h">
      <Filter>Objects\Models</Filter>
    </ClInclude>
    <ClInclude Include="Physics\Trail.h">
      <Filter>Physics</Filter>
    </ClInclude>
    <ClInclude Include="Viewer\TPSCamera.h">
      <Filter>Viewer\FollowCam</Filter>
    </ClInclude>
    <ClInclude Include="Viewer\Follow.h">
      <Filter>Viewer\FollowCam</Filter>
    </ClInclude>
    <ClInclude Include="Objects\GSBillboard.h">
      <Filter>Objects\Meshes</Filter>
    </ClInclude>
  </ItemGroup>
  <ItemGroup>
    <Filter Include="Systems">
      <UniqueIdentifier>{e4bf7034-2c6b-4d7d-816d-66fa4fb0bf37}</UniqueIdentifier>
    </Filter>
    <Filter Include="Renders">
      <UniqueIdentifier>{cfa52a2e-d1a3-48e6-a4ed-87cadc014c40}</UniqueIdentifier>
    </Filter>
    <Filter Include="Utilities">
      <UniqueIdentifier>{06256df8-2898-48d2-b3ad-05af6f3e2125}</UniqueIdentifier>
    </Filter>
    <Filter Include="Executes">
      <UniqueIdentifier>{6d5a3bdb-fdd8-4239-a99c-a7480e48d54a}</UniqueIdentifier>
    </Filter>
    <Filter Include="Viewer">
      <UniqueIdentifier>{60ad8476-dda6-499c-ae37-2d2742e51118}</UniqueIdentifier>
    </Filter>
    <Filter Include="Interfaces">
      <UniqueIdentifier>{112be9e7-286a-485b-a293-3d8884ff01f6}</UniqueIdentifier>
    </Filter>
    <Filter Include="Fbx">
      <UniqueIdentifier>{42684a79-8809-4401-8f36-1cc3ba37975b}</UniqueIdentifier>
    </Filter>
    <Filter Include="Objects">
      <UniqueIdentifier>{fcef40f0-ebb4-4fcc-a792-0739e84d49fc}</UniqueIdentifier>
    </Filter>
    <Filter Include="LandScape">
      <UniqueIdentifier>{893e4737-bba8-4bd8-acbb-8647816084a2}</UniqueIdentifier>
    </Filter>
    <Filter Include="Physics">
      <UniqueIdentifier>{2d04087b-6dad-4a04-acbd-9645d88eebfb}</UniqueIdentifier>
    </Filter>
    <Filter Include="DebugDraw">
      <UniqueIdentifier>{5e1adbd8-ae32-48b4-87b1-1ecefe71c203}</UniqueIdentifier>
    </Filter>
    <Filter Include="Light">
      <UniqueIdentifier>{cf28cc2f-96b9-4d92-af4d-6cda07923a48}</UniqueIdentifier>
    </Filter>
    <Filter Include="Model">
      <UniqueIdentifier>{5131b495-cd84-4440-a307-b8ec468b1b5a}</UniqueIdentifier>
    </Filter>
    <Filter Include="PostEffects">
      <UniqueIdentifier>{21825e42-46ad-41fe-9b6a-b88e917e73ea}</UniqueIdentifier>
    </Filter>
    <Filter Include="Objects\Meshes">
      <UniqueIdentifier>{d2424632-b418-48e2-954a-6350b9d1a3d7}</UniqueIdentifier>
    </Filter>
    <Filter Include="Objects\Models">
      <UniqueIdentifier>{f6ea546a-641f-481b-9d0a-ff9858a586d0}</UniqueIdentifier>
    </Filter>
    <Filter Include="Tool">
      <UniqueIdentifier>{b376cc24-f0eb-4287-b2e0-a95aeabf7499}</UniqueIdentifier>
    </Filter>
    <Filter Include="Physics\Collider">
      <UniqueIdentifier>{8221a199-d96e-4526-8b25-72ed34b6c171}</UniqueIdentifier>
    </Filter>
    <Filter Include="Manager">
      <UniqueIdentifier>{1285ece7-a742-4060-8fbd-74c923231fde}</UniqueIdentifier>
    </Filter>
    <Filter Include="Viewer\FollowCam">
      <UniqueIdentifier>{5879f348-49fd-4046-87bf-57e5f9fbc18d}</UniqueIdentifier>
    </Filter>
  </ItemGroup>
</Project>